
Microsoft Visual Studio Solution File, Format Version 12.00
# Visual Studio Version 16
VisualStudioVersion = 16.0.28803.352
MinimumVisualStudioVersion = 10.0.40219.1
Project("{FAE04EC0-301F-11D3-BF4B-00C04F79EFBC}") = "EffectiveTimeUsageTracker", "EffectiveTimeUsageTracker\EffectiveTimeUsageTracker.csproj", "{A3382660-D4AA-46B5-BBF0-FD56A4284FB0}"
EndProject
Global
	GlobalSection(SolutionConfigurationPlatforms) = preSolution
		Debug|Any CPU = Debug|Any CPU
		Release|Any CPU = Release|Any CPU
	EndGlobalSection
	GlobalSection(ProjectConfigurationPlatforms) = postSolution
		{A3382660-D4AA-46B5-BBF0-FD56A4284FB0}.Debug|Any CPU.ActiveCfg = Debug|Any CPU
		{A3382660-D4AA-46B5-BBF0-FD56A4284FB0}.Debug|Any CPU.Build.0 = Debug|Any CPU
		{A3382660-D4AA-46B5-BBF0-FD56A4284FB0}.Release|Any CPU.ActiveCfg = Release|Any CPU
		{A3382660-D4AA-46B5-BBF0-FD56A4284FB0}.Release|Any CPU.Build.0 = Release|Any CPU
	EndGlobalSection
	GlobalSection(SolutionProperties) = preSolution
		HideSolutionNode = FALSE
	EndGlobalSection
	GlobalSection(ExtensibilityGlobals) = postSolution
		SolutionGuid = {44E19D3E-F139-4392-BC5A-D03144BA9F7B}
	EndGlobalSection
EndGlobal
